
Microsoft Visual Studio Solution File, Format Version 12.00
# Visual Studio Version 16
VisualStudioVersion = 16.0.34031.81
MinimumVisualStudioVersion = 10.0.40219.1
Project("{FAE04EC0-301F-11D3-BF4B-00C04F79EFBC}") = "CodeFirstCreateStudentDatabase", "CodeFirstCreateStudentDatabase\CodeFirstCreateStudentDatabase.csproj", "{10D524E3-78BB-4915-AC28-045D165772AA}"
EndProject
Global
	GlobalSection(SolutionConfigurationPlatforms) = preSolution
		Debug|Any CPU = Debug|Any CPU
		Release|Any CPU = Release|Any CPU
	EndGlobalSection
	GlobalSection(ProjectConfigurationPlatforms) = postSolution
		{10D524E3-78BB-4915-AC28-045D165772AA}.Debug|Any CPU.ActiveCfg = Debug|Any CPU
		{10D524E3-78BB-4915-AC28-045D165772AA}.Debug|Any CPU.Build.0 = Debug|Any CPU
		{10D524E3-78BB-4915-AC28-045D165772AA}.Release|Any CPU.ActiveCfg = Release|Any CPU
		{10D524E3-78BB-4915-AC28-045D165772AA}.Release|Any CPU.Build.0 = Release|Any CPU
	EndGlobalSection
	GlobalSection(SolutionProperties) = preSolution
		HideSolutionNode = FALSE
	EndGlobalSection
	GlobalSection(ExtensibilityGlobals) = postSolution
		SolutionGuid = {F8EE1CE8-3CEB-43E3-BD02-24EA302EFDE3}
	EndGlobalSection
EndGlobal
