
Microsoft Visual Studio Solution File, Format Version 12.00
# Visual Studio Version 16
VisualStudioVersion = 16.0.34031.81
MinimumVisualStudioVersion = 10.0.40219.1
Project("{FAE04EC0-301F-11D3-BF4B-00C04F79EFBC}") = "myConsoleProject", "myConsoleProject\myConsoleProject.csproj", "{F20C04D2-1C33-4D84-B79D-BC0FFA19F3D9}"
EndProject
Global
	GlobalSection(SolutionConfigurationPlatforms) = preSolution
		Debug|Any CPU = Debug|Any CPU
		Release|Any CPU = Release|Any CPU
	EndGlobalSection
	GlobalSection(ProjectConfigurationPlatforms) = postSolution
		{F20C04D2-1C33-4D84-B79D-BC0FFA19F3D9}.Debug|Any CPU.ActiveCfg = Debug|Any CPU
		{F20C04D2-1C33-4D84-B79D-BC0FFA19F3D9}.Debug|Any CPU.Build.0 = Debug|Any CPU
		{F20C04D2-1C33-4D84-B79D-BC0FFA19F3D9}.Release|Any CPU.ActiveCfg = Release|Any CPU
		{F20C04D2-1C33-4D84-B79D-BC0FFA19F3D9}.Release|Any CPU.Build.0 = Release|Any CPU
	EndGlobalSection
	GlobalSection(SolutionProperties) = preSolution
		HideSolutionNode = FALSE
	EndGlobalSection
	GlobalSection(ExtensibilityGlobals) = postSolution
		SolutionGuid = {BBA4A378-F644-441B-BD03-AC96F39A32D0}
	EndGlobalSection
EndGlobal
